<?xml version="1.0" encoding="utf-8"?>
<Project ToolsVersion="4.0" xmlns="http://schemas.microsoft.com/developer/msbuild/2003">
  <ItemGroup>
    <Filter Include="Header Files">
      <UniqueIdentifier>{93995380-89BD-4b04-88EB-625FBE52EBFB}</UniqueIdentifier>
      <Extensions>h;hh;hpp;hxx;hm;inl;inc;ipp;xsd</Extensions>
    </Filter>
    <Filter Include="Resource Files">
      <UniqueIdentifier>{67DA6AB6-F800-4c08-8B7A-83BB121AAD01}</UniqueIdentifier>
      <Extensions>rc;ico;cur;bmp;dlg;rc2;rct;bin;rgs;gif;jpg;jpeg;jpe;resx;tiff;tif;png;wav;mfcribbon-ms</Extensions>
    </Filter>
    <Filter Include="src">
      <UniqueIdentifier>{4FC737F1-C7A5-4376-A066-2A32D752A2FF}</UniqueIdentifier>
      <Extensions>cpp;c;cc;cxx;def;odl;idl;hpj;bat;asm;asmx</Extensions>
    </Filter>
  </ItemGroup>
  <ItemGroup>
    <ClCompile Include="src\main.cpp">
      <Filter>src</Filter>
    </ClCompile>
    <ClCompile Include="src\Window\Window.cpp">
      <Filter>src</Filter>
    </ClCompile>
    <ClCompile Include="src\Abstraction\GLabs.cpp">
      <Filter>src</Filter>
    </ClCompile>
    <ClCompile Include="src\ChessCore\chessCore.cpp">
      <Filter>src</Filter>
    </ClCompile>
    <ClCompile Include="src\Geometry\GeometryGenerator.cpp">
      <Filter>src</Filter>
    </ClCompile>
    <ClCompile Include="rsc\Shader\ShaderProgram.cpp">
      <Filter>src</Filter>
    </ClCompile>
    <ClCompile Include="src\Abstraction\2DTexture\2DTexture.cpp">
      <Filter>src</Filter>
    </ClCompile>
    <ClCompile Include="rsc\Shader\SpriteShaders\SpriteShaderProgram.cpp">
      <Filter>src</Filter>
    </ClCompile>
    <ClCompile Include="src\Sprite\Texture Loader\textureLoader.cpp">
      <Filter>src</Filter>
    </ClCompile>
    <ClCompile Include="src\Sprite\Sprite Renderer\SpriteRenderer.cpp">
      <Filter>src</Filter>
    </ClCompile>
    <ClCompile Include="src\Piece Manager\PieceManager.cpp">
      <Filter>src</Filter>
    </ClCompile>
    <ClCompile Include="src\Board Renderer\BoardRenderer.cpp">
      <Filter>src</Filter>
    </ClCompile>
    <ClCompile Include="src\Input Manager\InputManager.cpp">
      <Filter>src</Filter>
    </ClCompile>
    <ClCompile Include="src\Chess Board\ChessBoard.cpp">
      <Filter>src</Filter>
    </ClCompile>
  </ItemGroup>
  <ItemGroup>
    <ClInclude Include="src\Window\Window.h">
      <Filter>Header Files</Filter>
    </ClInclude>
    <ClInclude Include="src\logger.h">
      <Filter>Header Files</Filter>
    </ClInclude>
    <ClInclude Include="src\Abstraction\GLabs.h">
      <Filter>Header Files</Filter>
    </ClInclude>
    <ClInclude Include="src\ChessCore\chessCore.h">
      <Filter>Header Files</Filter>
    </ClInclude>
    <ClInclude Include="src\Geometry\Vertex.h">
      <Filter>Header Files</Filter>
    </ClInclude>
    <ClInclude Include="src\Geometry\GeometryGenerator.h">
      <Filter>Header Files</Filter>
    </ClInclude>
    <ClInclude Include="src\Geometry\GeometryData.h">
      <Filter>Header Files</Filter>
    </ClInclude>
    <ClInclude Include="src\Abstraction\2DTexture\2DTexture.h">
      <Filter>Header Files</Filter>
    </ClInclude>
    <ClInclude Include="src\Sprite\Texture Loader\textureLoader.h">
      <Filter>Header Files</Filter>
    </ClInclude>
    <ClInclude Include="src\Sprite\Sprite Renderer\SpriteRenderer.h">
      <Filter>Header Files</Filter>
    </ClInclude>
    <ClInclude Include="src\Chess Board\ChessBoard.h">
      <Filter>Header Files</Filter>
    </ClInclude>
    <ClInclude Include="src\Piece Manager\PieceManager.h">
      <Filter>Header Files</Filter>
    </ClInclude>
    <ClInclude Include="src\Board Renderer\BoardRenderer.h">
      <Filter>Header Files</Filter>
    </ClInclude>
    <ClInclude Include="src\Input Manager\InputManager.h">
      <Filter>Header Files</Filter>
    </ClInclude>
  </ItemGroup>
  <ItemGroup>
    <Image Include="rsc\icon.png">
      <Filter>Resource Files</Filter>
    </Image>
    <Image Include="rsc\Sprites\ChessPiecesArray.png">
      <Filter>Resource Files</Filter>
    </Image>
    <Image Include="rsc\Sprites\bb.png">
      <Filter>Resource Files</Filter>
    </Image>
    <Image Include="rsc\Sprites\bk.png">
      <Filter>Resource Files</Filter>
    </Image>
    <Image Include="rsc\Sprites\bn.png">
      <Filter>Resource Files</Filter>
    </Image>
    <Image Include="rsc\Sprites\bp.png">
      <Filter>Resource Files</Filter>
    </Image>
    <Image Include="rsc\Sprites\bq.png">
      <Filter>Resource Files</Filter>
    </Image>
    <Image Include="rsc\Sprites\br.png">
      <Filter>Resource Files</Filter>
    </Image>
    <Image Include="rsc\Sprites\wb.png">
      <Filter>Resource Files</Filter>
    </Image>
    <Image Include="rsc\Sprites\wk.png">
      <Filter>Resource Files</Filter>
    </Image>
    <Image Include="rsc\Sprites\wn.png">
      <Filter>Resource Files</Filter>
    </Image>
    <Image Include="rsc\Sprites\wp.png">
      <Filter>Resource Files</Filter>
    </Image>
    <Image Include="rsc\Sprites\wq.png">
      <Filter>Resource Files</Filter>
    </Image>
    <Image Include="rsc\Sprites\wr.png">
      <Filter>Resource Files</Filter>
    </Image>
  </ItemGroup>
  <ItemGroup>
    <None Include="rsc\Shader\vsh.shader" />
    <None Include="rsc\Shader\fsh.shader" />
    <None Include="rsc\Shader\SpriteShaders\spriteFsh.shader" />
    <None Include="rsc\Shader\SpriteShaders\spriteVsh.shader" />
  </ItemGroup>
</Project>